// !$*UTF8*$!
{
	archiveVersion = 1;
	classes = {
	};
	objectVersion = 55;
	objects = {

/* Begin PBXBuildFile section */
		FA47445E28567EE6005A15CB /* Main.storyboard in Resources */ = {isa = PBXBuildFile; fileRef = FA47445C28567EE6005A15CB /* Main.storyboard */; };
		FA47446028567EE7005A15CB /* Assets.xcassets in Resources */ = {isa = PBXBuildFile; fileRef = FA47445F28567EE7005A15CB /* Assets.xcassets */; };
		FA47446328567EE7005A15CB /* LaunchScreen.storyboard in Resources */ = {isa = PBXBuildFile; fileRef = FA47446128567EE7005A15CB /* LaunchScreen.storyboard */; };
		FA4744892857703D005A15CB /* SceneDelegate.swift in Sources */ = {isa = PBXBuildFile; fileRef = FA4744882857703D005A15CB /* SceneDelegate.swift */; };
		FA47448B28577048005A15CB /* AppDelegate.swift in Sources */ = {isa = PBXBuildFile; fileRef = FA47448A28577048005A15CB /* AppDelegate.swift */; };
		FA474497285770A1005A15CB /* UserModel.swift in Sources */ = {isa = PBXBuildFile; fileRef = FA474490285770A1005A15CB /* UserModel.swift */; };
		FA4744A328577141005A15CB /* UIViewControllerExtensions.swift in Sources */ = {isa = PBXBuildFile; fileRef = FA4744A028577141005A15CB /* UIViewControllerExtensions.swift */; };
		FA4744A428577141005A15CB /* UIViewExtensions.swift in Sources */ = {isa = PBXBuildFile; fileRef = FA4744A128577141005A15CB /* UIViewExtensions.swift */; };
		FA4744A528577141005A15CB /* DateExtensions.swift in Sources */ = {isa = PBXBuildFile; fileRef = FA4744A228577141005A15CB /* DateExtensions.swift */; };
		FA4744A928577186005A15CB /* AppUserSettings.swift in Sources */ = {isa = PBXBuildFile; fileRef = FA4744A728577186005A15CB /* AppUserSettings.swift */; };
		FA4744AA28577186005A15CB /* ImagePicker.swift in Sources */ = {isa = PBXBuildFile; fileRef = FA4744A828577186005A15CB /* ImagePicker.swift */; };
		FA4744AC285771F2005A15CB /* InitialViewController.swift in Sources */ = {isa = PBXBuildFile; fileRef = FA4744AB285771F2005A15CB /* InitialViewController.swift */; };
		FA4744AE28577271005A15CB /* BirthdayViewController.swift in Sources */ = {isa = PBXBuildFile; fileRef = FA4744AD28577271005A15CB /* BirthdayViewController.swift */; };
/* End PBXBuildFile section */

/* Begin PBXFileReference section */
		FA47445328567EE6005A15CB /* NanitHomeAssignment.app */ = {isa = PBXFileReference; explicitFileType = wrapper.application; includeInIndex = 0; path = NanitHomeAssignment.app; sourceTree = BUILT_PRODUCTS_DIR; };
		FA47445D28567EE6005A15CB /* Base */ = {isa = PBXFileReference; lastKnownFileType = file.storyboard; name = Base; path = Base.lproj/Main.storyboard; sourceTree = "<group>"; };
		FA47445F28567EE7005A15CB /* Assets.xcassets */ = {isa = PBXFileReference; lastKnownFileType = folder.assetcatalog; path = Assets.xcassets; sourceTree = "<group>"; };
		FA47446228567EE7005A15CB /* Base */ = {isa = PBXFileReference; lastKnownFileType = file.storyboard; name = Base; path = Base.lproj/LaunchScreen.storyboard; sourceTree = "<group>"; };
		FA47446428567EE7005A15CB /* Info.plist */ = {isa = PBXFileReference; lastKnownFileType = text.plist.xml; path = Info.plist; sourceTree = "<group>"; };
		FA4744882857703D005A15CB /* SceneDelegate.swift */ = {isa = PBXFileReference; fileEncoding = 4; lastKnownFileType = sourcecode.swift; path = SceneDelegate.swift; sourceTree = "<group>"; };
		FA47448A28577048005A15CB /* AppDelegate.swift */ = {isa = PBXFileReference; fileEncoding = 4; lastKnownFileType = sourcecode.swift; path = AppDelegate.swift; sourceTree = "<group>"; };
		FA474490285770A1005A15CB /* UserModel.swift */ = {isa = PBXFileReference; fileEncoding = 4; lastKnownFileType = sourcecode.swift; path = UserModel.swift; sourceTree = "<group>"; };
		FA4744A028577141005A15CB /* UIViewControllerExtensions.swift */ = {isa = PBXFileReference; fileEncoding = 4; lastKnownFileType = sourcecode.swift; path = UIViewControllerExtensions.swift; sourceTree = "<group>"; };
		FA4744A128577141005A15CB /* UIViewExtensions.swift */ = {isa = PBXFileReference; fileEncoding = 4; lastKnownFileType = sourcecode.swift; path = UIViewExtensions.swift; sourceTree = "<group>"; };
		FA4744A228577141005A15CB /* DateExtensions.swift */ = {isa = PBXFileReference; fileEncoding = 4; lastKnownFileType = sourcecode.swift; path = DateExtensions.swift; sourceTree = "<group>"; };
		FA4744A728577186005A15CB /* AppUserSettings.swift */ = {isa = PBXFileReference; fileEncoding = 4; lastKnownFileType = sourcecode.swift; path = AppUserSettings.swift; sourceTree = "<group>"; };
		FA4744A828577186005A15CB /* ImagePicker.swift */ = {isa = PBXFileReference; fileEncoding = 4; lastKnownFileType = sourcecode.swift; path = ImagePicker.swift; sourceTree = "<group>"; };
		FA4744AB285771F2005A15CB /* InitialViewController.swift */ = {isa = PBXFileReference; fileEncoding = 4; lastKnownFileType = sourcecode.swift; path = InitialViewController.swift; sourceTree = "<group>"; };
		FA4744AD28577271005A15CB /* BirthdayViewController.swift */ = {isa = PBXFileReference; fileEncoding = 4; lastKnownFileType = sourcecode.swift; path = BirthdayViewController.swift; sourceTree = "<group>"; };
/* End PBXFileReference section */

/* Begin PBXFrameworksBuildPhase section */
		FA47445028567EE6005A15CB /* Frameworks */ = {
			isa = PBXFrameworksBuildPhase;
			buildActionMask = 2147483647;
			files = (
			);
			runOnlyForDeploymentPostprocessing = 0;
		};
/* End PBXFrameworksBuildPhase section */

/* Begin PBXGroup section */
		FA47444A28567EE6005A15CB = {
			isa = PBXGroup;
			children = (
				FA47445528567EE6005A15CB /* NanitHomeAssignment */,
				FA47445428567EE6005A15CB /* Products */,
			);
			sourceTree = "<group>";
		};
		FA47445428567EE6005A15CB /* Products */ = {
			isa = PBXGroup;
			children = (
				FA47445328567EE6005A15CB /* NanitHomeAssignment.app */,
			);
			name = Products;
			sourceTree = "<group>";
		};
		FA47445528567EE6005A15CB /* NanitHomeAssignment */ = {
			isa = PBXGroup;
			children = (
				FA47448F285770A1005A15CB /* DataModels */,
				FA47449F28577141005A15CB /* Extensions */,
				FA4744A628577186005A15CB /* Shared */,
				FA4744AB285771F2005A15CB /* InitialViewController.swift */,
				FA4744AD28577271005A15CB /* BirthdayViewController.swift */,
				FA47448A28577048005A15CB /* AppDelegate.swift */,
				FA4744882857703D005A15CB /* SceneDelegate.swift */,
				FA47445C28567EE6005A15CB /* Main.storyboard */,
				FA47445F28567EE7005A15CB /* Assets.xcassets */,
				FA47446128567EE7005A15CB /* LaunchScreen.storyboard */,
				FA47446428567EE7005A15CB /* Info.plist */,
			);
			path = NanitHomeAssignment;
			sourceTree = "<group>";
		};
		FA47448F285770A1005A15CB /* DataModels */ = {
			isa = PBXGroup;
			children = (
				FA474490285770A1005A15CB /* UserModel.swift */,
			);
			path = DataModels;
			sourceTree = "<group>";
		};
		FA47449F28577141005A15CB /* Extensions */ = {
			isa = PBXGroup;
			children = (
				FA4744A028577141005A15CB /* UIViewControllerExtensions.swift */,
				FA4744A128577141005A15CB /* UIViewExtensions.swift */,
				FA4744A228577141005A15CB /* DateExtensions.swift */,
			);
			path = Extensions;
			sourceTree = "<group>";
		};
		FA4744A628577186005A15CB /* Shared */ = {
			isa = PBXGroup;
			children = (
				FA4744A728577186005A15CB /* AppUserSettings.swift */,
				FA4744A828577186005A15CB /* ImagePicker.swift */,
			);
			path = Shared;
			sourceTree = "<group>";
		};
/* End PBXGroup section */

/* Begin PBXNativeTarget section */
		FA47445228567EE6005A15CB /* NanitHomeAssignment */ = {
			isa = PBXNativeTarget;
			buildConfigurationList = FA47446728567EE7005A15CB /* Build configuration list for PBXNativeTarget "NanitHomeAssignment" */;
			buildPhases = (
				FA47444F28567EE6005A15CB /* Sources */,
				FA47445028567EE6005A15CB /* Frameworks */,
				FA47445128567EE6005A15CB /* Resources */,
			);
			buildRules = (
			);
			dependencies = (
			);
			name = NanitHomeAssignment;
			productName = NanitHomeAssignment;
			productReference = FA47445328567EE6005A15CB /* NanitHomeAssignment.app */;
			productType = "com.apple.product-type.application";
		};
/* End PBXNativeTarget section */

/* Begin PBXProject section */
		FA47444B28567EE6005A15CB /* Project object */ = {
			isa = PBXProject;
			attributes = {
				BuildIndependentTargetsInParallel = 1;
				LastSwiftUpdateCheck = 1340;
				LastUpgradeCheck = 1340;
				TargetAttributes = {
					FA47445228567EE6005A15CB = {
						CreatedOnToolsVersion = 13.4;
						LastSwiftMigration = 1340;
					};
				};
			};
			buildConfigurationList = FA47444E28567EE6005A15CB /* Build configuration list for PBXProject "NanitHomeAssignment" */;
			compatibilityVersion = "Xcode 13.0";
			developmentRegion = en;
			hasScannedForEncodings = 0;
			knownRegions = (
				en,
				Base,
			);
			mainGroup = FA47444A28567EE6005A15CB;
			productRefGroup = FA47445428567EE6005A15CB /* Products */;
			projectDirPath = "";
			projectRoot = "";
			targets = (
				FA47445228567EE6005A15CB /* NanitHomeAssignment */,
			);
		};
/* End PBXProject section */

/* Begin PBXResourcesBuildPhase section */
		FA47445128567EE6005A15CB /* Resources */ = {
			isa = PBXResourcesBuildPhase;
			buildActionMask = 2147483647;
			files = (
				FA47446328567EE7005A15CB /* LaunchScreen.storyboard in Resources */,
				FA47446028567EE7005A15CB /* Assets.xcassets in Resources */,
				FA47445E28567EE6005A15CB /* Main.storyboard in Resources */,
			);
			runOnlyForDeploymentPostprocessing = 0;
		};
/* End PBXResourcesBuildPhase section */

/* Begin PBXSourcesBuildPhase section */
		FA47444F28567EE6005A15CB /* Sources */ = {
			isa = PBXSourcesBuildPhase;
			buildActionMask = 2147483647;
			files = (
				FA4744A328577141005A15CB /* UIViewControllerExtensions.swift in Sources */,
				FA4744A428577141005A15CB /* UIViewExtensions.swift in Sources */,
				FA47448B28577048005A15CB /* AppDelegate.swift in Sources */,
				FA4744AC285771F2005A15CB /* InitialViewController.swift in Sources */,
				FA4744A928577186005A15CB /* AppUserSettings.swift in Sources */,
				FA4744AE28577271005A15CB /* BirthdayViewController.swift in Sources */,
				FA4744892857703D005A15CB /* SceneDelegate.swift in Sources */,
				FA4744AA28577186005A15CB /* ImagePicker.swift in Sources */,
				FA474497285770A1005A15CB /* UserModel.swift in Sources */,
				FA4744A528577141005A15CB /* DateExtensions.swift in Sources */,
			);
			runOnlyForDeploymentPostprocessing = 0;
		};
/* End PBXSourcesBuildPhase section */

/* Begin PBXVariantGroup section */
		FA47445C28567EE6005A15CB /* Main.storyboard */ = {
			isa = PBXVariantGroup;
			children = (
				FA47445D28567EE6005A15CB /* Base */,
			);
			name = Main.storyboard;
			sourceTree = "<group>";
		};
		FA47446128567EE7005A15CB /* LaunchScreen.storyboard */ = {
			isa = PBXVariantGroup;
			children = (
				FA47446228567EE7005A15CB /* Base */,
			);
			name = LaunchScreen.storyboard;
			sourceTree = "<group>";
		};
/* End PBXVariantGroup section */

/* Begin XCBuildConfiguration section */
		FA47446528567EE7005A15CB /* Debug */ = {
			isa = XCBuildConfiguration;
			buildSettings = {
				ALWAYS_SEARCH_USER_PATHS = NO;
				CLANG_ANALYZER_NONNULL = YES;
				CLANG_ANALYZER_NUMBER_OBJECT_CONVERSION = YES_AGGRESSIVE;
				CLANG_CXX_LANGUAGE_STANDARD = "gnu++17";
				CLANG_ENABLE_MODULES = YES;
				CLANG_ENABLE_OBJC_ARC = YES;
				CLANG_ENABLE_OBJC_WEAK = YES;
				CLANG_WARN_BLOCK_CAPTURE_AUTORELEASING = YES;
				CLANG_WARN_BOOL_CONVERSION = YES;
				CLANG_WARN_COMMA = YES;
				CLANG_WARN_CONSTANT_CONVERSION = YES;
				CLANG_WARN_DEPRECATED_OBJC_IMPLEMENTATIONS = YES;
				CLANG_WARN_DIRECT_OBJC_ISA_USAGE = YES_ERROR;
				CLANG_WARN_DOCUMENTATION_COMMENTS = YES;
				CLANG_WARN_EMPTY_BODY = YES;
				CLANG_WARN_ENUM_CONVERSION = YES;
				CLANG_WARN_INFINITE_RECURSION = YES;
				CLANG_WARN_INT_CONVERSION = YES;
				CLANG_WARN_NON_LITERAL_NULL_CONVERSION = YES;
				CLANG_WARN_OBJC_IMPLICIT_RETAIN_SELF = YES;
				CLANG_WARN_OBJC_LITERAL_CONVERSION = YES;
				CLANG_WARN_OBJC_ROOT_CLASS = YES_ERROR;
				CLANG_WARN_QUOTED_INCLUDE_IN_FRAMEWORK_HEADER = YES;
				CLANG_WARN_RANGE_LOOP_ANALYSIS = YES;
				CLANG_WARN_STRICT_PROTOTYPES = YES;
				CLANG_WARN_SUSPICIOUS_MOVE = YES;
				CLANG_WARN_UNGUARDED_AVAILABILITY = YES_AGGRESSIVE;
				CLANG_WARN_UNREACHABLE_CODE = YES;
				CLANG_WARN__DUPLICATE_METHOD_MATCH = YES;
				COPY_PHASE_STRIP = NO;
				DEBUG_INFORMATION_FORMAT = dwarf;
				ENABLE_STRICT_OBJC_MSGSEND = YES;
				ENABLE_TESTABILITY = YES;
				GCC_C_LANGUAGE_STANDARD = gnu11;
				GCC_DYNAMIC_NO_PIC = NO;
				GCC_NO_COMMON_BLOCKS = YES;
				GCC_OPTIMIZATION_LEVEL = 0;
				GCC_PREPROCESSOR_DEFINITIONS = (
					"DEBUG=1",
					"$(inherited)",
				);
				GCC_WARN_64_TO_32_BIT_CONVERSION = YES;
				GCC_WARN_ABOUT_RETURN_TYPE = YES_ERROR;
				GCC_WARN_UNDECLARED_SELECTOR = YES;
				GCC_WARN_UNINITIALIZED_AUTOS = YES_AGGRESSIVE;
				GCC_WARN_UNUSED_FUNCTION = YES;
				GCC_WARN_UNUSED_VARIABLE = YES;
				IPHONEOS_DEPLOYMENT_TARGET = 14.0;
				MTL_ENABLE_DEBUG_INFO = INCLUDE_SOURCE;
				MTL_FAST_MATH = YES;
				ONLY_ACTIVE_ARCH = YES;
				SDKROOT = iphoneos;
				SWIFT_ACTIVE_COMPILATION_CONDITIONS = DEBUG;
				SWIFT_OPTIMIZATION_LEVEL = "-Onone";
			};
			name = Debug;
		};
		FA47446628567EE7005A15CB /* Release */ = {
			isa = XCBuildConfiguration;
			buildSettings = {
				ALWAYS_SEARCH_USER_PATHS = NO;
				CLANG_ANALYZER_NONNULL = YES;
				CLANG_ANALYZER_NUMBER_OBJECT_CONVERSION = YES_AGGRESSIVE;
				CLANG_CXX_LANGUAGE_STANDARD = "gnu++17";
				CLANG_ENABLE_MODULES = YES;
				CLANG_ENABLE_OBJC_ARC = YES;
				CLANG_ENABLE_OBJC_WEAK = YES;
				CLANG_WARN_BLOCK_CAPTURE_AUTORELEASING = YES;
				CLANG_WARN_BOOL_CONVERSION = YES;
				CLANG_WARN_COMMA = YES;
				CLANG_WARN_CONSTANT_CONVERSION = YES;
				CLANG_WARN_DEPRECATED_OBJC_IMPLEMENTATIONS = YES;
				CLANG_WARN_DIRECT_OBJC_ISA_USAGE = YES_ERROR;
				CLANG_WARN_DOCUMENTATION_COMMENTS = YES;
				CLANG_WARN_EMPTY_BODY = YES;
				CLANG_WARN_ENUM_CONVERSION = YES;
				CLANG_WARN_INFINITE_RECURSION = YES;
				CLANG_WARN_INT_CONVERSION = YES;
				CLANG_WARN_NON_LITERAL_NULL_CONVERSION = YES;
				CLANG_WARN_OBJC_IMPLICIT_RETAIN_SELF = YES;
				CLANG_WARN_OBJC_LITERAL_CONVERSION = YES;
				CLANG_WARN_OBJC_ROOT_CLASS = YES_ERROR;
				CLANG_WARN_QUOTED_INCLUDE_IN_FRAMEWORK_HEADER = YES;
				CLANG_WARN_RANGE_LOOP_ANALYSIS = YES;
				CLANG_WARN_STRICT_PROTOTYPES = YES;
				CLANG_WARN_SUSPICIOUS_MOVE = YES;
				CLANG_WARN_UNGUARDED_AVAILABILITY = YES_AGGRESSIVE;
				CLANG_WARN_UNREACHABLE_CODE = YES;
				CLANG_WARN__DUPLICATE_METHOD_MATCH = YES;
				COPY_PHASE_STRIP = NO;
				DEBUG_INFORMATION_FORMAT = "dwarf-with-dsym";
				ENABLE_NS_ASSERTIONS = NO;
				ENABLE_STRICT_OBJC_MSGSEND = YES;
				GCC_C_LANGUAGE_STANDARD = gnu11;
				GCC_NO_COMMON_BLOCKS = YES;
				GCC_WARN_64_TO_32_BIT_CONVERSION = YES;
				GCC_WARN_ABOUT_RETURN_TYPE = YES_ERROR;
				GCC_WARN_UNDECLARED_SELECTOR = YES;
				GCC_WARN_UNINITIALIZED_AUTOS = YES_AGGRESSIVE;
				GCC_WARN_UNUSED_FUNCTION = YES;
				GCC_WARN_UNUSED_VARIABLE = YES;
				IPHONEOS_DEPLOYMENT_TARGET = 14.0;
				MTL_ENABLE_DEBUG_INFO = NO;
				MTL_FAST_MATH = YES;
				SDKROOT = iphoneos;
				SWIFT_COMPILATION_MODE = wholemodule;
				SWIFT_OPTIMIZATION_LEVEL = "-O";
				VALIDATE_PRODUCT = YES;
			};
			name = Release;
		};
		FA47446828567EE7005A15CB /* Debug */ = {
			isa = XCBuildConfiguration;
			buildSettings = {
				ASSETCATALOG_COMPILER_APPICON_NAME = AppIcon;
				ASSETCATALOG_COMPILER_GLOBAL_ACCENT_COLOR_NAME = AccentColor;
				CLANG_ENABLE_MODULES = YES;
				CODE_SIGN_STYLE = Automatic;
				CURRENT_PROJECT_VERSION = 1;
				DEVELOPMENT_TEAM = "";
				GENERATE_INFOPLIST_FILE = YES;
				INFOPLIST_FILE = NanitHomeAssignment/Info.plist;
				INFOPLIST_KEY_NSCameraUsageDescription = "To make birthday photos!!!";
				INFOPLIST_KEY_UIApplicationSupportsIndirectInputEvents = YES;
				INFOPLIST_KEY_UILaunchStoryboardName = LaunchScreen;
				INFOPLIST_KEY_UIMainStoryboardFile = Main;
				INFOPLIST_KEY_UISupportedInterfaceOrientations = UIInterfaceOrientationPortrait;
				INFOPLIST_KEY_UISupportedInterfaceOrientations_iPad = UIInterfaceOrientationPortrait;
				INFOPLIST_KEY_UISupportedInterfaceOrientations_iPhone = "UIInterfaceOrientationPortrait UIInterfaceOrientationLandscapeLeft UIInterfaceOrientationLandscapeRight";
				INFOPLIST_KEY_UIUserInterfaceStyle = Light;
				IPHONEOS_DEPLOYMENT_TARGET = 14.0;
				LD_RUNPATH_SEARCH_PATHS = (
					"$(inherited)",
					"@executable_path/Frameworks",
				);
				MARKETING_VERSION = 1.0;
				PRODUCT_BUNDLE_IDENTIFIER = com.nanit.NanitHomeAssignment;
				PRODUCT_NAME = "$(TARGET_NAME)";
				SWIFT_EMIT_LOC_STRINGS = YES;
				SWIFT_OPTIMIZATION_LEVEL = "-Onone";
				SWIFT_VERSION = 5.0;
				TARGETED_DEVICE_FAMILY = 1;
			};
			name = Debug;
		};
		FA47446928567EE7005A15CB /* Release */ = {
			isa = XCBuildConfiguration;
			buildSettings = {
				ASSETCATALOG_COMPILER_APPICON_NAME = AppIcon;
				ASSETCATALOG_COMPILER_GLOBAL_ACCENT_COLOR_NAME = AccentColor;
				CLANG_ENABLE_MODULES = YES;
				CODE_SIGN_STYLE = Automatic;
				CURRENT_PROJECT_VERSION = 1;
				DEVELOPMENT_TEAM = "";
				GENERATE_INFOPLIST_FILE = YES;
				INFOPLIST_FILE = NanitHomeAssignment/Info.plist;
				INFOPLIST_KEY_NSCameraUsageDescription = "To make birthday photos!!!";
				INFOPLIST_KEY_UIApplicationSupportsIndirectInputEvents = YES;
				INFOPLIST_KEY_UILaunchStoryboardName = LaunchScreen;
				INFOPLIST_KEY_UIMainStoryboardFile = Main;
				INFOPLIST_KEY_UISupportedInterfaceOrientations = UIInterfaceOrientationPortrait;
				INFOPLIST_KEY_UISupportedInterfaceOrientations_iPad = UIInterfaceOrientationPortrait;
				INFOPLIST_KEY_UISupportedInterfaceOrientations_iPhone = "UIInterfaceOrientationPortrait UIInterfaceOrientationLandscapeLeft UIInterfaceOrientationLandscapeRight";
				INFOPLIST_KEY_UIUserInterfaceStyle = Light;
				IPHONEOS_DEPLOYMENT_TARGET = 14.0;
				LD_RUNPATH_SEARCH_PATHS = (
					"$(inherited)",
					"@executable_path/Frameworks",
				);
				MARKETING_VERSION = 1.0;
				PRODUCT_BUNDLE_IDENTIFIER = com.nanit.NanitHomeAssignment;
				PRODUCT_NAME = "$(TARGET_NAME)";
				SWIFT_EMIT_LOC_STRINGS = YES;
				SWIFT_VERSION = 5.0;
				TARGETED_DEVICE_FAMILY = 1;
			};
			name = Release;
		};
/* End XCBuildConfiguration section */

/* Begin XCConfigurationList section */
		FA47444E28567EE6005A15CB /* Build configuration list for PBXProject "NanitHomeAssignment" */ = {
			isa = XCConfigurationList;
			buildConfigurations = (
				FA47446528567EE7005A15CB /* Debug */,
				FA47446628567EE7005A15CB /* Release */,
			);
			defaultConfigurationIsVisible = 0;
			defaultConfigurationName = Release;
		};
		FA47446728567EE7005A15CB /* Build configuration list for PBXNativeTarget "NanitHomeAssignment" */ = {
			isa = XCConfigurationList;
			buildConfigurations = (
				FA47446828567EE7005A15CB /* Debug */,
				FA47446928567EE7005A15CB /* Release */,
			);
			defaultConfigurationIsVisible = 0;
			defaultConfigurationName = Release;
		};
/* End XCConfigurationList section */
	};
	rootObject = FA47444B28567EE6005A15CB /* Project object */;
}
